
Microsoft Visual Studio Solution File, Format Version 12.00
# Visual Studio Version 17
VisualStudioVersion = 17.11.35312.102
MinimumVisualStudioVersion = 10.0.40219.1
Project("{FAE04EC0-301F-11D3-BF4B-00C04F79EFBC}") = "Fruitful-Gifts", "Fruitful-Gifts\Fruitful-Gifts.csproj", "{C983BBF0-F02C-4284-98FC-360FE9F07799}"
EndProject
Global
	GlobalSection(SolutionConfigurationPlatforms) = preSolution
		Debug|Any CPU = Debug|Any CPU
		Release|Any CPU = Release|Any CPU
	EndGlobalSection
	GlobalSection(ProjectConfigurationPlatforms) = postSolution
		{C983BBF0-F02C-4284-98FC-360FE9F07799}.Debug|Any CPU.ActiveCfg = Debug|Any CPU
		{C983BBF0-F02C-4284-98FC-360FE9F07799}.Debug|Any CPU.Build.0 = Debug|Any CPU
		{C983BBF0-F02C-4284-98FC-360FE9F07799}.Release|Any CPU.ActiveCfg = Release|Any CPU
		{C983BBF0-F02C-4284-98FC-360FE9F07799}.Release|Any CPU.Build.0 = Release|Any CPU
	EndGlobalSection
	GlobalSection(SolutionProperties) = preSolution
		HideSolutionNode = FALSE
	EndGlobalSection
	GlobalSection(ExtensibilityGlobals) = postSolution
		SolutionGuid = {799E58AC-5FB2-44FD-B371-59D18D6E95D2}
	EndGlobalSection
EndGlobal
